
Microsoft Visual Studio Solution File, Format Version 12.00
# Visual Studio 15
VisualStudioVersion = 15.0.28307.757
MinimumVisualStudioVersion = 10.0.40219.1
Project("{FAE04EC0-301F-11D3-BF4B-00C04F79EFBC}") = "OOPProject01", "OOPProject01\OOPProject01.csproj", "{C53C88B2-B3D2-49E1-8E0A-53CD781D2B4B}"
EndProject
Project("{FAE04EC0-301F-11D3-BF4B-00C04F79EFBC}") = "OOPProject02", "ConsoleApp1\OOPProject02.csproj", "{AC33C065-A251-4E81-95B1-CDD3180E187A}"
EndProject
Project("{FAE04EC0-301F-11D3-BF4B-00C04F79EFBC}") = "OOPProject02.1", "OOPProject02.1\OOPProject02.1.csproj", "{2512CFAF-6C76-410F-807E-A6A02C7A9617}"
EndProject
Project("{FAE04EC0-301F-11D3-BF4B-00C04F79EFBC}") = "OOPProject03", "OOPProject03\OOPProject03.csproj", "{DE8A2860-8AB2-4B3D-8B90-497DEE1D5AE8}"
EndProject
Project("{FAE04EC0-301F-11D3-BF4B-00C04F79EFBC}") = "OOPProject03-1", "OOPProject03-1\OOPProject03-1.csproj", "{C54D86DE-650A-48D0-B07B-E32AADF3BF0C}"
EndProject
Project("{FAE04EC0-301F-11D3-BF4B-00C04F79EFBC}") = "ListView Örnek", "ListView Örnek\ListView Örnek.csproj", "{8E057E70-96C1-4345-A55C-4C011F18A95F}"
EndProject
Global
	GlobalSection(SolutionConfigurationPlatforms) = preSolution
		Debug|Any CPU = Debug|Any CPU
		Release|Any CPU = Release|Any CPU
	EndGlobalSection
	GlobalSection(ProjectConfigurationPlatforms) = postSolution
		{C53C88B2-B3D2-49E1-8E0A-53CD781D2B4B}.Debug|Any CPU.ActiveCfg = Debug|Any CPU
		{C53C88B2-B3D2-49E1-8E0A-53CD781D2B4B}.Debug|Any CPU.Build.0 = Debug|Any CPU
		{C53C88B2-B3D2-49E1-8E0A-53CD781D2B4B}.Release|Any CPU.ActiveCfg = Release|Any CPU
		{C53C88B2-B3D2-49E1-8E0A-53CD781D2B4B}.Release|Any CPU.Build.0 = Release|Any CPU
		{AC33C065-A251-4E81-95B1-CDD3180E187A}.Debug|Any CPU.ActiveCfg = Debug|Any CPU
		{AC33C065-A251-4E81-95B1-CDD3180E187A}.Debug|Any CPU.Build.0 = Debug|Any CPU
		{AC33C065-A251-4E81-95B1-CDD3180E187A}.Release|Any CPU.ActiveCfg = Release|Any CPU
		{AC33C065-A251-4E81-95B1-CDD3180E187A}.Release|Any CPU.Build.0 = Release|Any CPU
		{2512CFAF-6C76-410F-807E-A6A02C7A9617}.Debug|Any CPU.ActiveCfg = Debug|Any CPU
		{2512CFAF-6C76-410F-807E-A6A02C7A9617}.Debug|Any CPU.Build.0 = Debug|Any CPU
		{2512CFAF-6C76-410F-807E-A6A02C7A9617}.Release|Any CPU.ActiveCfg = Release|Any CPU
		{2512CFAF-6C76-410F-807E-A6A02C7A9617}.Release|Any CPU.Build.0 = Release|Any CPU
		{DE8A2860-8AB2-4B3D-8B90-497DEE1D5AE8}.Debug|Any CPU.ActiveCfg = Debug|Any CPU
		{DE8A2860-8AB2-4B3D-8B90-497DEE1D5AE8}.Debug|Any CPU.Build.0 = Debug|Any CPU
		{DE8A2860-8AB2-4B3D-8B90-497DEE1D5AE8}.Release|Any CPU.ActiveCfg = Release|Any CPU
		{DE8A2860-8AB2-4B3D-8B90-497DEE1D5AE8}.Release|Any CPU.Build.0 = Release|Any CPU
		{C54D86DE-650A-48D0-B07B-E32AADF3BF0C}.Debug|Any CPU.ActiveCfg = Debug|Any CPU
		{C54D86DE-650A-48D0-B07B-E32AADF3BF0C}.Debug|Any CPU.Build.0 = Debug|Any CPU
		{C54D86DE-650A-48D0-B07B-E32AADF3BF0C}.Release|Any CPU.ActiveCfg = Release|Any CPU
		{C54D86DE-650A-48D0-B07B-E32AADF3BF0C}.Release|Any CPU.Build.0 = Release|Any CPU
		{8E057E70-96C1-4345-A55C-4C011F18A95F}.Debug|Any CPU.ActiveCfg = Debug|Any CPU
		{8E057E70-96C1-4345-A55C-4C011F18A95F}.Debug|Any CPU.Build.0 = Debug|Any CPU
		{8E057E70-96C1-4345-A55C-4C011F18A95F}.Release|Any CPU.ActiveCfg = Release|Any CPU
		{8E057E70-96C1-4345-A55C-4C011F18A95F}.Release|Any CPU.Build.0 = Release|Any CPU
	EndGlobalSection
	GlobalSection(SolutionProperties) = preSolution
		HideSolutionNode = FALSE
	EndGlobalSection
	GlobalSection(ExtensibilityGlobals) = postSolution
		SolutionGuid = {888A5352-BAF7-41A9-851A-20D9ABF4920B}
	EndGlobalSection
EndGlobal
